// !$*UTF8*$!
{
	archiveVersion = 1;
	classes = {
	};
	objectVersion = 77;
	objects = {

/* Begin PBXBuildFile section */
		03C82D892E4845C1006776BA /* FirebaseAnalytics in Frameworks */ = {isa = PBXBuildFile; productRef = 03C82D882E4845C1006776BA /* FirebaseAnalytics */; };
		03C82D8B2E4845C1006776BA /* FirebaseAuth in Frameworks */ = {isa = PBXBuildFile; productRef = 03C82D8A2E4845C1006776BA /* FirebaseAuth */; };
		03C82D8D2E4845C1006776BA /* FirebaseDatabase in Frameworks */ = {isa = PBXBuildFile; productRef = 03C82D8C2E4845C1006776BA /* FirebaseDatabase */; };
		03C82D8F2E4845C1006776BA /* FirebaseFirestore in Frameworks */ = {isa = PBXBuildFile; productRef = 03C82D8E2E4845C1006776BA /* FirebaseFirestore */; };
		03C82D912E4845C1006776BA /* FirebaseMessaging in Frameworks */ = {isa = PBXBuildFile; productRef = 03C82D902E4845C1006776BA /* FirebaseMessaging */; };
		03C82D932E4845C1006776BA /* FirebaseStorage in Frameworks */ = {isa = PBXBuildFile; productRef = 03C82D922E4845C1006776BA /* FirebaseStorage */; };
		03C82D982E48487C006776BA /* GoogleService-Info.plist in Resources */ = {isa = PBXBuildFile; fileRef = 03C82D972E48487C006776BA /* GoogleService-Info.plist */; };
/* End PBXBuildFile section */

/* Begin PBXContainerItemProxy section */
		032466272E41A6CA008B7F8F /* PBXContainerItemProxy */ = {
			isa = PBXContainerItemProxy;
			containerPortal = 0324660E2E41A6CA008B7F8F /* Project object */;
			proxyType = 1;
			remoteGlobalIDString = 032466152E41A6CA008B7F8F;
			remoteInfo = Rooted;
		};
		032466312E41A6CA008B7F8F /* PBXContainerItemProxy */ = {
			isa = PBXContainerItemProxy;
			containerPortal = 0324660E2E41A6CA008B7F8F /* Project object */;
			proxyType = 1;
			remoteGlobalIDString = 032466152E41A6CA008B7F8F;
			remoteInfo = Rooted;
		};
/* End PBXContainerItemProxy section */

/* Begin PBXFileReference section */
		032466162E41A6CA008B7F8F /* Rooted.app */ = {isa = PBXFileReference; explicitFileType = wrapper.application; includeInIndex = 0; path = Rooted.app; sourceTree = BUILT_PRODUCTS_DIR; };
		032466262E41A6CA008B7F8F /* RootedTests.xctest */ = {isa = PBXFileReference; explicitFileType = wrapper.cfbundle; includeInIndex = 0; path = RootedTests.xctest; sourceTree = BUILT_PRODUCTS_DIR; };
		032466302E41A6CA008B7F8F /* RootedUITests.xctest */ = {isa = PBXFileReference; explicitFileType = wrapper.cfbundle; includeInIndex = 0; path = RootedUITests.xctest; sourceTree = BUILT_PRODUCTS_DIR; };
		03C82D972E48487C006776BA /* GoogleService-Info.plist */ = {isa = PBXFileReference; lastKnownFileType = text.plist.xml; path = "GoogleService-Info.plist"; sourceTree = "<group>"; };
/* End PBXFileReference section */

/* Begin PBXFileSystemSynchronizedRootGroup section */
		032466182E41A6CA008B7F8F /* Rooted */ = {
			isa = PBXFileSystemSynchronizedRootGroup;
			path = Rooted;
			sourceTree = "<group>";
		};
		032466292E41A6CA008B7F8F /* RootedTests */ = {
			isa = PBXFileSystemSynchronizedRootGroup;
			path = RootedTests;
			sourceTree = "<group>";
		};
		032466332E41A6CA008B7F8F /* RootedUITests */ = {
			isa = PBXFileSystemSynchronizedRootGroup;
			path = RootedUITests;
			sourceTree = "<group>";
		};
/* End PBXFileSystemSynchronizedRootGroup section */

/* Begin PBXFrameworksBuildPhase section */
		032466132E41A6CA008B7F8F /* Frameworks */ = {
			isa = PBXFrameworksBuildPhase;
			buildActionMask = 2147483647;
			files = (
				03C82D8D2E4845C1006776BA /* FirebaseDatabase in Frameworks */,
				03C82D8F2E4845C1006776BA /* FirebaseFirestore in Frameworks */,
				03C82D912E4845C1006776BA /* FirebaseMessaging in Frameworks */,
				03C82D892E4845C1006776BA /* FirebaseAnalytics in Frameworks */,
				03C82D8B2E4845C1006776BA /* FirebaseAuth in Frameworks */,
				03C82D932E4845C1006776BA /* FirebaseStorage in Frameworks */,
			);
			runOnlyForDeploymentPostprocessing = 0;
		};
		032466232E41A6CA008B7F8F /* Frameworks */ = {
			isa = PBXFrameworksBuildPhase;
			buildActionMask = 2147483647;
			files = (
			);
			runOnlyForDeploymentPostprocessing = 0;
		};
		0324662D2E41A6CA008B7F8F /* Frameworks */ = {
			isa = PBXFrameworksBuildPhase;
			buildActionMask = 2147483647;
			files = (
			);
			runOnlyForDeploymentPostprocessing = 0;
		};
/* End PBXFrameworksBuildPhase section */

/* Begin PBXGroup section */
		0324660D2E41A6CA008B7F8F = {
			isa = PBXGroup;
			children = (
				03C82D972E48487C006776BA /* GoogleService-Info.plist */,
				032466182E41A6CA008B7F8F /* Rooted */,
				032466292E41A6CA008B7F8F /* RootedTests */,
				032466332E41A6CA008B7F8F /* RootedUITests */,
				032466172E41A6CA008B7F8F /* Products */,
			);
			sourceTree = "<group>";
		};
		032466172E41A6CA008B7F8F /* Products */ = {
			isa = PBXGroup;
			children = (
				032466162E41A6CA008B7F8F /* Rooted.app */,
				032466262E41A6CA008B7F8F /* RootedTests.xctest */,
				032466302E41A6CA008B7F8F /* RootedUITests.xctest */,
			);
			name = Products;
			sourceTree = "<group>";
		};
/* End PBXGroup section */

/* Begin PBXNativeTarget section */
		032466152E41A6CA008B7F8F /* Rooted */ = {
			isa = PBXNativeTarget;
			buildConfigurationList = 0324663A2E41A6CA008B7F8F /* Build configuration list for PBXNativeTarget "Rooted" */;
			buildPhases = (
				032466122E41A6CA008B7F8F /* Sources */,
				032466132E41A6CA008B7F8F /* Frameworks */,
				032466142E41A6CA008B7F8F /* Resources */,
			);
			buildRules = (
			);
			dependencies = (
			);
			fileSystemSynchronizedGroups = (
				032466182E41A6CA008B7F8F /* Rooted */,
			);
			name = Rooted;
			packageProductDependencies = (
				03C82D882E4845C1006776BA /* FirebaseAnalytics */,
				03C82D8A2E4845C1006776BA /* FirebaseAuth */,
				03C82D8C2E4845C1006776BA /* FirebaseDatabase */,
				03C82D8E2E4845C1006776BA /* FirebaseFirestore */,
				03C82D902E4845C1006776BA /* FirebaseMessaging */,
				03C82D922E4845C1006776BA /* FirebaseStorage */,
			);
			productName = Rooted;
			productReference = 032466162E41A6CA008B7F8F /* Rooted.app */;
			productType = "com.apple.product-type.application";
		};
		032466252E41A6CA008B7F8F /* RootedTests */ = {
			isa = PBXNativeTarget;
			buildConfigurationList = 0324663D2E41A6CA008B7F8F /* Build configuration list for PBXNativeTarget "RootedTests" */;
			buildPhases = (
				032466222E41A6CA008B7F8F /* Sources */,
				032466232E41A6CA008B7F8F /* Frameworks */,
				032466242E41A6CA008B7F8F /* Resources */,
			);
			buildRules = (
			);
			dependencies = (
				032466282E41A6CA008B7F8F /* PBXTargetDependency */,
			);
			fileSystemSynchronizedGroups = (
				032466292E41A6CA008B7F8F /* RootedTests */,
			);
			name = RootedTests;
			packageProductDependencies = (
			);
			productName = RootedTests;
			productReference = 032466262E41A6CA008B7F8F /* RootedTests.xctest */;
			productType = "com.apple.product-type.bundle.unit-test";
		};
		0324662F2E41A6CA008B7F8F /* RootedUITests */ = {
			isa = PBXNativeTarget;
			buildConfigurationList = 032466402E41A6CA008B7F8F /* Build configuration list for PBXNativeTarget "RootedUITests" */;
			buildPhases = (
				0324662C2E41A6CA008B7F8F /* Sources */,
				0324662D2E41A6CA008B7F8F /* Frameworks */,
				0324662E2E41A6CA008B7F8F /* Resources */,
			);
			buildRules = (
			);
			dependencies = (
				032466322E41A6CA008B7F8F /* PBXTargetDependency */,
			);
			fileSystemSynchronizedGroups = (
				032466332E41A6CA008B7F8F /* RootedUITests */,
			);
			name = RootedUITests;
			packageProductDependencies = (
			);
			productName = RootedUITests;
			productReference = 032466302E41A6CA008B7F8F /* RootedUITests.xctest */;
			productType = "com.apple.product-type.bundle.ui-testing";
		};
/* End PBXNativeTarget section */

/* Begin PBXProject section */
		0324660E2E41A6CA008B7F8F /* Project object */ = {
			isa = PBXProject;
			attributes = {
				BuildIndependentTargetsInParallel = 1;
				LastSwiftUpdateCheck = 1620;
				LastUpgradeCheck = 1620;
				TargetAttributes = {
					032466152E41A6CA008B7F8F = {
						CreatedOnToolsVersion = 16.2;
					};
					032466252E41A6CA008B7F8F = {
						CreatedOnToolsVersion = 16.2;
						TestTargetID = 032466152E41A6CA008B7F8F;
					};
					0324662F2E41A6CA008B7F8F = {
						CreatedOnToolsVersion = 16.2;
						TestTargetID = 032466152E41A6CA008B7F8F;
					};
				};
			};
			buildConfigurationList = 032466112E41A6CA008B7F8F /* Build configuration list for PBXProject "Rooted" */;
			developmentRegion = en;
			hasScannedForEncodings = 0;
			knownRegions = (
				en,
				Base,
			);
			mainGroup = 0324660D2E41A6CA008B7F8F;
			minimizedProjectReferenceProxies = 1;
			packageReferences = (
				03C82D872E4845C1006776BA /* XCRemoteSwiftPackageReference "firebase-ios-sdk" */,
			);
			preferredProjectObjectVersion = 77;
			productRefGroup = 032466172E41A6CA008B7F8F /* Products */;
			projectDirPath = "";
			projectRoot = "";
			targets = (
				032466152E41A6CA008B7F8F /* Rooted */,
				032466252E41A6CA008B7F8F /* RootedTests */,
				0324662F2E41A6CA008B7F8F /* RootedUITests */,
			);
		};
/* End PBXProject section */

/* Begin PBXResourcesBuildPhase section */
		032466142E41A6CA008B7F8F /* Resources */ = {
			isa = PBXResourcesBuildPhase;
			buildActionMask = 2147483647;
			files = (
				03C82D982E48487C006776BA /* GoogleService-Info.plist in Resources */,
			);
			runOnlyForDeploymentPostprocessing = 0;
		};
		032466242E41A6CA008B7F8F /* Resources */ = {
			isa = PBXResourcesBuildPhase;
			buildActionMask = 2147483647;
			files = (
			);
			runOnlyForDeploymentPostprocessing = 0;
		};
		0324662E2E41A6CA008B7F8F /* Resources */ = {
			isa = PBXResourcesBuildPhase;
			buildActionMask = 2147483647;
			files = (
			);
			runOnlyForDeploymentPostprocessing = 0;
		};
/* End PBXResourcesBuildPhase section */

/* Begin PBXSourcesBuildPhase section */
		032466122E41A6CA008B7F8F /* Sources */ = {
			isa = PBXSourcesBuildPhase;
			buildActionMask = 2147483647;
			files = (
			);
			runOnlyForDeploymentPostprocessing = 0;
		};
		032466222E41A6CA008B7F8F /* Sources */ = {
			isa = PBXSourcesBuildPhase;
			buildActionMask = 2147483647;
			files = (
			);
			runOnlyForDeploymentPostprocessing = 0;
		};
		0324662C2E41A6CA008B7F8F /* Sources */ = {
			isa = PBXSourcesBuildPhase;
			buildActionMask = 2147483647;
			files = (
			);
			runOnlyForDeploymentPostprocessing = 0;
		};
/* End PBXSourcesBuildPhase section */

/* Begin PBXTargetDependency section */
		032466282E41A6CA008B7F8F /* PBXTargetDependency */ = {
			isa = PBXTargetDependency;
			target = 032466152E41A6CA008B7F8F /* Rooted */;
			targetProxy = 032466272E41A6CA008B7F8F /* PBXContainerItemProxy */;
		};
		032466322E41A6CA008B7F8F /* PBXTargetDependency */ = {
			isa = PBXTargetDependency;
			target = 032466152E41A6CA008B7F8F /* Rooted */;
			targetProxy = 032466312E41A6CA008B7F8F /* PBXContainerItemProxy */;
		};
/* End PBXTargetDependency section */

/* Begin XCBuildConfiguration section */
		032466382E41A6CA008B7F8F /* Debug */ = {
			isa = XCBuildConfiguration;
			buildSettings = {
				ALWAYS_SEARCH_USER_PATHS = NO;
				ASSETCATALOG_COMPILER_GENERATE_SWIFT_ASSET_SYMBOL_EXTENSIONS = YES;
				CLANG_ANALYZER_NONNULL = YES;
				CLANG_ANALYZER_NUMBER_OBJECT_CONVERSION = YES_AGGRESSIVE;
				CLANG_CXX_LANGUAGE_STANDARD = "gnu++20";
				CLANG_ENABLE_MODULES = YES;
				CLANG_ENABLE_OBJC_ARC = YES;
				CLANG_ENABLE_OBJC_WEAK = YES;
				CLANG_WARN_BLOCK_CAPTURE_AUTORELEASING = YES;
				CLANG_WARN_BOOL_CONVERSION = YES;
				CLANG_WARN_COMMA = YES;
				CLANG_WARN_CONSTANT_CONVERSION = YES;
				CLANG_WARN_DEPRECATED_OBJC_IMPLEMENTATIONS = YES;
				CLANG_WARN_DIRECT_OBJC_ISA_USAGE = YES_ERROR;
				CLANG_WARN_DOCUMENTATION_COMMENTS = YES;
				CLANG_WARN_EMPTY_BODY = YES;
				CLANG_WARN_ENUM_CONVERSION = YES;
				CLANG_WARN_INFINITE_RECURSION = YES;
				CLANG_WARN_INT_CONVERSION = YES;
				CLANG_WARN_NON_LITERAL_NULL_CONVERSION = YES;
				CLANG_WARN_OBJC_IMPLICIT_RETAIN_SELF = YES;
				CLANG_WARN_OBJC_LITERAL_CONVERSION = YES;
				CLANG_WARN_OBJC_ROOT_CLASS = YES_ERROR;
				CLANG_WARN_QUOTED_INCLUDE_IN_FRAMEWORK_HEADER = YES;
				CLANG_WARN_RANGE_LOOP_ANALYSIS = YES;
				CLANG_WARN_STRICT_PROTOTYPES = YES;
				CLANG_WARN_SUSPICIOUS_MOVE = YES;
				CLANG_WARN_UNGUARDED_AVAILABILITY = YES_AGGRESSIVE;
				CLANG_WARN_UNREACHABLE_CODE = YES;
				CLANG_WARN__DUPLICATE_METHOD_MATCH = YES;
				COPY_PHASE_STRIP = NO;
				DEBUG_INFORMATION_FORMAT = dwarf;
				ENABLE_STRICT_OBJC_MSGSEND = YES;
				ENABLE_TESTABILITY = YES;
				ENABLE_USER_SCRIPT_SANDBOXING = YES;
				GCC_C_LANGUAGE_STANDARD = gnu17;
				GCC_DYNAMIC_NO_PIC = NO;
				GCC_NO_COMMON_BLOCKS = YES;
				GCC_OPTIMIZATION_LEVEL = 0;
				GCC_PREPROCESSOR_DEFINITIONS = (
					"DEBUG=1",
					"$(inherited)",
				);
				GCC_WARN_64_TO_32_BIT_CONVERSION = YES;
				GCC_WARN_ABOUT_RETURN_TYPE = YES_ERROR;
				GCC_WARN_UNDECLARED_SELECTOR = YES;
				GCC_WARN_UNINITIALIZED_AUTOS = YES_AGGRESSIVE;
				GCC_WARN_UNUSED_FUNCTION = YES;
				GCC_WARN_UNUSED_VARIABLE = YES;
				IPHONEOS_DEPLOYMENT_TARGET = 18.2;
				LOCALIZATION_PREFERS_STRING_CATALOGS = YES;
				MTL_ENABLE_DEBUG_INFO = INCLUDE_SOURCE;
				MTL_FAST_MATH = YES;
				ONLY_ACTIVE_ARCH = YES;
				SDKROOT = iphoneos;
				SWIFT_ACTIVE_COMPILATION_CONDITIONS = "DEBUG $(inherited)";
				SWIFT_OPTIMIZATION_LEVEL = "-Onone";
			};
			name = Debug;
		};
		032466392E41A6CA008B7F8F /* Release */ = {
			isa = XCBuildConfiguration;
			buildSettings = {
				ALWAYS_SEARCH_USER_PATHS = NO;
				ASSETCATALOG_COMPILER_GENERATE_SWIFT_ASSET_SYMBOL_EXTENSIONS = YES;
				CLANG_ANALYZER_NONNULL = YES;
				CLANG_ANALYZER_NUMBER_OBJECT_CONVERSION = YES_AGGRESSIVE;
				CLANG_CXX_LANGUAGE_STANDARD = "gnu++20";
				CLANG_ENABLE_MODULES = YES;
				CLANG_ENABLE_OBJC_ARC = YES;
				CLANG_ENABLE_OBJC_WEAK = YES;
				CLANG_WARN_BLOCK_CAPTURE_AUTORELEASING = YES;
				CLANG_WARN_BOOL_CONVERSION = YES;
				CLANG_WARN_COMMA = YES;
				CLANG_WARN_CONSTANT_CONVERSION = YES;
				CLANG_WARN_DEPRECATED_OBJC_IMPLEMENTATIONS = YES;
				CLANG_WARN_DIRECT_OBJC_ISA_USAGE = YES_ERROR;
				CLANG_WARN_DOCUMENTATION_COMMENTS = YES;
				CLANG_WARN_EMPTY_BODY = YES;
				CLANG_WARN_ENUM_CONVERSION = YES;
				CLANG_WARN_INFINITE_RECURSION = YES;
				CLANG_WARN_INT_CONVERSION = YES;
				CLANG_WARN_NON_LITERAL_NULL_CONVERSION = YES;
				CLANG_WARN_OBJC_IMPLICIT_RETAIN_SELF = YES;
				CLANG_WARN_OBJC_LITERAL_CONVERSION = YES;
				CLANG_WARN_OBJC_ROOT_CLASS = YES_ERROR;
				CLANG_WARN_QUOTED_INCLUDE_IN_FRAMEWORK_HEADER = YES;
				CLANG_WARN_RANGE_LOOP_ANALYSIS = YES;
				CLANG_WARN_STRICT_PROTOTYPES = YES;
				CLANG_WARN_SUSPICIOUS_MOVE = YES;
				CLANG_WARN_UNGUARDED_AVAILABILITY = YES_AGGRESSIVE;
				CLANG_WARN_UNREACHABLE_CODE = YES;
				CLANG_WARN__DUPLICATE_METHOD_MATCH = YES;
				COPY_PHASE_STRIP = NO;
				DEBUG_INFORMATION_FORMAT = "dwarf-with-dsym";
				ENABLE_NS_ASSERTIONS = NO;
				ENABLE_STRICT_OBJC_MSGSEND = YES;
				ENABLE_USER_SCRIPT_SANDBOXING = YES;
				GCC_C_LANGUAGE_STANDARD = gnu17;
				GCC_NO_COMMON_BLOCKS = YES;
				GCC_WARN_64_TO_32_BIT_CONVERSION = YES;
				GCC_WARN_ABOUT_RETURN_TYPE = YES_ERROR;
				GCC_WARN_UNDECLARED_SELECTOR = YES;
				GCC_WARN_UNINITIALIZED_AUTOS = YES_AGGRESSIVE;
				GCC_WARN_UNUSED_FUNCTION = YES;
				GCC_WARN_UNUSED_VARIABLE = YES;
				IPHONEOS_DEPLOYMENT_TARGET = 18.2;
				LOCALIZATION_PREFERS_STRING_CATALOGS = YES;
				MTL_ENABLE_DEBUG_INFO = NO;
				MTL_FAST_MATH = YES;
				SDKROOT = iphoneos;
				SWIFT_COMPILATION_MODE = wholemodule;
				VALIDATE_PRODUCT = YES;
			};
			name = Release;
		};
		0324663B2E41A6CA008B7F8F /* Debug */ = {
			isa = XCBuildConfiguration;
			buildSettings = {
				ASSETCATALOG_COMPILER_APPICON_NAME = AppIcon;
				ASSETCATALOG_COMPILER_GLOBAL_ACCENT_COLOR_NAME = AccentColor;
				CODE_SIGN_STYLE = Automatic;
				CURRENT_PROJECT_VERSION = 1;
				DEVELOPMENT_ASSET_PATHS = "\"Rooted/Preview Content\"";
				DEVELOPMENT_TEAM = FXDHZ49H7Y;
				ENABLE_PREVIEWS = YES;
				GENERATE_INFOPLIST_FILE = YES;
				INFOPLIST_KEY_NSLocationWhenInUseUsageDescription = "We need your location to show you on the map.";
				INFOPLIST_KEY_UIApplicationSceneManifest_Generation = YES;
				INFOPLIST_KEY_UIApplicationSupportsIndirectInputEvents = YES;
				INFOPLIST_KEY_UILaunchScreen_Generation = YES;
				INFOPLIST_KEY_UISupportedInterfaceOrientations_iPad = "UIInterfaceOrientationPortrait UIInterfaceOrientationPortraitUpsideDown UIInterfaceOrientationLandscapeLeft UIInterfaceOrientationLandscapeRight";
				INFOPLIST_KEY_UISupportedInterfaceOrientations_iPhone = "UIInterfaceOrientationPortrait UIInterfaceOrientationLandscapeLeft UIInterfaceOrientationLandscapeRight";
				LD_RUNPATH_SEARCH_PATHS = (
					"$(inherited)",
					"@executable_path/Frameworks",
				);
				MARKETING_VERSION = 1.0;
				PRODUCT_BUNDLE_IDENTIFIER = "com.https---sites.google.com-dawsonstudents.org-dawsonsunblockedgames-home.test.Rooted";
				PRODUCT_NAME = "$(TARGET_NAME)";
				SWIFT_EMIT_LOC_STRINGS = YES;
				SWIFT_VERSION = 5.0;
				TARGETED_DEVICE_FAMILY = "1,2";
			};
			name = Debug;
		};
		0324663C2E41A6CA008B7F8F /* Release */ = {
			isa = XCBuildConfiguration;
			buildSettings = {
				ASSETCATALOG_COMPILER_APPICON_NAME = AppIcon;
				ASSETCATALOG_COMPILER_GLOBAL_ACCENT_COLOR_NAME = AccentColor;
				CODE_SIGN_STYLE = Automatic;
				CURRENT_PROJECT_VERSION = 1;
				DEVELOPMENT_ASSET_PATHS = "\"Rooted/Preview Content\"";
				DEVELOPMENT_TEAM = FXDHZ49H7Y;
				ENABLE_PREVIEWS = YES;
				GENERATE_INFOPLIST_FILE = YES;
				INFOPLIST_KEY_NSLocationWhenInUseUsageDescription = "We need your location to show you on the map.";
				INFOPLIST_KEY_UIApplicationSceneManifest_Generation = YES;
				INFOPLIST_KEY_UIApplicationSupportsIndirectInputEvents = YES;
				INFOPLIST_KEY_UILaunchScreen_Generation = YES;
				INFOPLIST_KEY_UISupportedInterfaceOrientations_iPad = "UIInterfaceOrientationPortrait UIInterfaceOrientationPortraitUpsideDown UIInterfaceOrientationLandscapeLeft UIInterfaceOrientationLandscapeRight";
				INFOPLIST_KEY_UISupportedInterfaceOrientations_iPhone = "UIInterfaceOrientationPortrait UIInterfaceOrientationLandscapeLeft UIInterfaceOrientationLandscapeRight";
				LD_RUNPATH_SEARCH_PATHS = (
					"$(inherited)",
					"@executable_path/Frameworks",
				);
				MARKETING_VERSION = 1.0;
				PRODUCT_BUNDLE_IDENTIFIER = "com.https---sites.google.com-dawsonstudents.org-dawsonsunblockedgames-home.test.Rooted";
				PRODUCT_NAME = "$(TARGET_NAME)";
				SWIFT_EMIT_LOC_STRINGS = YES;
				SWIFT_VERSION = 5.0;
				TARGETED_DEVICE_FAMILY = "1,2";
			};
			name = Release;
		};
		0324663E2E41A6CA008B7F8F /* Debug */ = {
			isa = XCBuildConfiguration;
			buildSettings = {
				BUNDLE_LOADER = "$(TEST_HOST)";
				CODE_SIGN_STYLE = Automatic;
				CURRENT_PROJECT_VERSION = 1;
				DEVELOPMENT_TEAM = FXDHZ49H7Y;
				GENERATE_INFOPLIST_FILE = YES;
				IPHONEOS_DEPLOYMENT_TARGET = 18.2;
				MARKETING_VERSION = 1.0;
				PRODUCT_BUNDLE_IDENTIFIER = "com.https---sites.google.com-dawsonstudents.org-dawsonsunblockedgames-home.test.RootedTests";
				PRODUCT_NAME = "$(TARGET_NAME)";
				SWIFT_EMIT_LOC_STRINGS = NO;
				SWIFT_VERSION = 5.0;
				TARGETED_DEVICE_FAMILY = "1,2";
				TEST_HOST = "$(BUILT_PRODUCTS_DIR)/Rooted.app/$(BUNDLE_EXECUTABLE_FOLDER_PATH)/Rooted";
			};
			name = Debug;
		};
		0324663F2E41A6CA008B7F8F /* Release */ = {
			isa = XCBuildConfiguration;
			buildSettings = {
				BUNDLE_LOADER = "$(TEST_HOST)";
				CODE_SIGN_STYLE = Automatic;
				CURRENT_PROJECT_VERSION = 1;
				DEVELOPMENT_TEAM = FXDHZ49H7Y;
				GENERATE_INFOPLIST_FILE = YES;
				IPHONEOS_DEPLOYMENT_TARGET = 18.2;
				MARKETING_VERSION = 1.0;
				PRODUCT_BUNDLE_IDENTIFIER = "com.https---sites.google.com-dawsonstudents.org-dawsonsunblockedgames-home.test.RootedTests";
				PRODUCT_NAME = "$(TARGET_NAME)";
				SWIFT_EMIT_LOC_STRINGS = NO;
				SWIFT_VERSION = 5.0;
				TARGETED_DEVICE_FAMILY = "1,2";
				TEST_HOST = "$(BUILT_PRODUCTS_DIR)/Rooted.app/$(BUNDLE_EXECUTABLE_FOLDER_PATH)/Rooted";
			};
			name = Release;
		};
		032466412E41A6CA008B7F8F /* Debug */ = {
			isa = XCBuildConfiguration;
			buildSettings = {
				CODE_SIGN_STYLE = Automatic;
				CURRENT_PROJECT_VERSION = 1;
				DEVELOPMENT_TEAM = FXDHZ49H7Y;
				GENERATE_INFOPLIST_FILE = YES;
				MARKETING_VERSION = 1.0;
				PRODUCT_BUNDLE_IDENTIFIER = "com.https---sites.google.com-dawsonstudents.org-dawsonsunblockedgames-home.test.RootedUITests";
				PRODUCT_NAME = "$(TARGET_NAME)";
				SWIFT_EMIT_LOC_STRINGS = NO;
				SWIFT_VERSION = 5.0;
				TARGETED_DEVICE_FAMILY = "1,2";
				TEST_TARGET_NAME = Rooted;
			};
			name = Debug;
		};
		032466422E41A6CA008B7F8F /* Release */ = {
			isa = XCBuildConfiguration;
			buildSettings = {
				CODE_SIGN_STYLE = Automatic;
				CURRENT_PROJECT_VERSION = 1;
				DEVELOPMENT_TEAM = FXDHZ49H7Y;
				GENERATE_INFOPLIST_FILE = YES;
				MARKETING_VERSION = 1.0;
				PRODUCT_BUNDLE_IDENTIFIER = "com.https---sites.google.com-dawsonstudents.org-dawsonsunblockedgames-home.test.RootedUITests";
				PRODUCT_NAME = "$(TARGET_NAME)";
				SWIFT_EMIT_LOC_STRINGS = NO;
				SWIFT_VERSION = 5.0;
				TARGETED_DEVICE_FAMILY = "1,2";
				TEST_TARGET_NAME = Rooted;
			};
			name = Release;
		};
/* End XCBuildConfiguration section */

/* Begin XCConfigurationList section */
		032466112E41A6CA008B7F8F /* Build configuration list for PBXProject "Rooted" */ = {
			isa = XCConfigurationList;
			buildConfigurations = (
				032466382E41A6CA008B7F8F /* Debug */,
				032466392E41A6CA008B7F8F /* Release */,
			);
			defaultConfigurationIsVisible = 0;
			defaultConfigurationName = Release;
		};
		0324663A2E41A6CA008B7F8F /* Build configuration list for PBXNativeTarget "Rooted" */ = {
			isa = XCConfigurationList;
			buildConfigurations = (
				0324663B2E41A6CA008B7F8F /* Debug */,
				0324663C2E41A6CA008B7F8F /* Release */,
			);
			defaultConfigurationIsVisible = 0;
			defaultConfigurationName = Release;
		};
		0324663D2E41A6CA008B7F8F /* Build configuration list for PBXNativeTarget "RootedTests" */ = {
			isa = XCConfigurationList;
			buildConfigurations = (
				0324663E2E41A6CA008B7F8F /* Debug */,
				0324663F2E41A6CA008B7F8F /* Release */,
			);
			defaultConfigurationIsVisible = 0;
			defaultConfigurationName = Release;
		};
		032466402E41A6CA008B7F8F /* Build configuration list for PBXNativeTarget "RootedUITests" */ = {
			isa = XCConfigurationList;
			buildConfigurations = (
				032466412E41A6CA008B7F8F /* Debug */,
				032466422E41A6CA008B7F8F /* Release */,
			);
			defaultConfigurationIsVisible = 0;
			defaultConfigurationName = Release;
		};
/* End XCConfigurationList section */

/* Begin XCRemoteSwiftPackageReference section */
		03C82D872E4845C1006776BA /* XCRemoteSwiftPackageReference "firebase-ios-sdk" */ = {
			isa = XCRemoteSwiftPackageReference;
			repositoryURL = "https://github.com/firebase/firebase-ios-sdk";
			requirement = {
				kind = upToNextMajorVersion;
				minimumVersion = 12.1.0;
			};
		};
/* End XCRemoteSwiftPackageReference section */

/* Begin XCSwiftPackageProductDependency section */
		03C82D882E4845C1006776BA /* FirebaseAnalytics */ = {
			isa = XCSwiftPackageProductDependency;
			package = 03C82D872E4845C1006776BA /* XCRemoteSwiftPackageReference "firebase-ios-sdk" */;
			productName = FirebaseAnalytics;
		};
		03C82D8A2E4845C1006776BA /* FirebaseAuth */ = {
			isa = XCSwiftPackageProductDependency;
			package = 03C82D872E4845C1006776BA /* XCRemoteSwiftPackageReference "firebase-ios-sdk" */;
			productName = FirebaseAuth;
		};
		03C82D8C2E4845C1006776BA /* FirebaseDatabase */ = {
			isa = XCSwiftPackageProductDependency;
			package = 03C82D872E4845C1006776BA /* XCRemoteSwiftPackageReference "firebase-ios-sdk" */;
			productName = FirebaseDatabase;
		};
		03C82D8E2E4845C1006776BA /* FirebaseFirestore */ = {
			isa = XCSwiftPackageProductDependency;
			package = 03C82D872E4845C1006776BA /* XCRemoteSwiftPackageReference "firebase-ios-sdk" */;
			productName = FirebaseFirestore;
		};
		03C82D902E4845C1006776BA /* FirebaseMessaging */ = {
			isa = XCSwiftPackageProductDependency;
			package = 03C82D872E4845C1006776BA /* XCRemoteSwiftPackageReference "firebase-ios-sdk" */;
			productName = FirebaseMessaging;
		};
		03C82D922E4845C1006776BA /* FirebaseStorage */ = {
			isa = XCSwiftPackageProductDependency;
			package = 03C82D872E4845C1006776BA /* XCRemoteSwiftPackageReference "firebase-ios-sdk" */;
			productName = FirebaseStorage;
		};
/* End XCSwiftPackageProductDependency section */
	};
	rootObject = 0324660E2E41A6CA008B7F8F /* Project object */;
}
